{
    "_readme": [
        "This file locks the dependencies of your project to a known state",
        "Read more about it at https://getcomposer.org/doc/01-basic-usage.md#composer-lock-the-lock-file",
        "This file is @generated automatically"
    ],
    "hash": "ebca95a4ba5ec51c3141ff581c201e9f",
    "packages": [
        {
            "name": "opauth/facebook",
            "version": "1.0.x-dev",
            "source": {
                "type": "git",
                "url": "https://github.com/opauth/facebook.git",
                "reference": "aaf5f89dde649030ddb4dc1aa44b85bed7c837f7"
            },
            "dist": {
                "type": "zip",
                "url": "https://api.github.com/repos/opauth/facebook/zipball/aaf5f89dde649030ddb4dc1aa44b85bed7c837f7",
                "reference": "aaf5f89dde649030ddb4dc1aa44b85bed7c837f7",
                "shasum": ""
            },
            "require": {
                "opauth/opauth": "~1.0",
                "php": ">=5.3.0"
            },
            "type": "library",
            "autoload": {
                "psr-4": {
                    "Opauth\\Facebook\\Strategy\\": "src"
                }
            },
            "notification-url": "https://packagist.org/downloads/",
            "license": [
                "MIT"
            ],
            "authors": [
                {
                    "name": "U-Zyn Chua",
                    "email": "chua@uzyn.com",
                    "homepage": "http://uzyn.com"
                },
                {
                    "name": "Ceeram",
                    "email": "c33ram@gmail.com"
                }
            ],
            "description": "Facebook strategy for Opauth",
            "homepage": "http://opauth.org",
            "keywords": [
                "Authentication",
                "auth",
                "facebook"
            ],
            "time": "2014-08-02 13:46:55"
        },
        {
            "name": "opauth/github",
            "version": "1.0.x-dev",
            "source": {
                "type": "git",
                "url": "https://github.com/opauth/github.git",
                "reference": "568142128ab49e1fbe700fb6ba3e14c99d205c8c"
            },
            "dist": {
                "type": "zip",
                "url": "https://api.github.com/repos/opauth/github/zipball/568142128ab49e1fbe700fb6ba3e14c99d205c8c",
                "reference": "568142128ab49e1fbe700fb6ba3e14c99d205c8c",
                "shasum": ""
            },
            "require": {
                "opauth/opauth": "~1.0",
                "php": ">=5.3.0"
            },
            "type": "library",
            "autoload": {
                "psr-4": {
                    "Opauth\\GitHub\\Strategy\\": "src"
                }
            },
            "notification-url": "https://packagist.org/downloads/",
            "license": [
                "MIT"
            ],
            "authors": [
                {
                    "name": "U-Zyn Chua",
                    "email": "chua@uzyn.com",
                    "homepage": "http://uzyn.com"
                },
                {
                    "name": "Ceeram",
                    "email": "c33ram@gmail.com"
                }
            ],
            "description": "GitHub authentication strategy for Opauth",
            "homepage": "http://opauth.org",
            "keywords": [
                "Authentication",
                "auth",
                "github"
            ],
            "time": "2014-04-07 16:50:25"
        },
        {
            "name": "opauth/google",
            "version": "1.0.x-dev",
            "source": {
                "type": "git",
                "url": "https://github.com/opauth/google.git",
                "reference": "5605bf80b47213a620cc0d2dfb0e8212a316ceba"
            },
            "dist": {
                "type": "zip",
                "url": "https://api.github.com/repos/opauth/google/zipball/5605bf80b47213a620cc0d2dfb0e8212a316ceba",
                "reference": "5605bf80b47213a620cc0d2dfb0e8212a316ceba",
                "shasum": ""
            },
            "require": {
                "opauth/opauth": "~1.0",
                "php": ">=5.3.0"
            },
            "type": "library",
            "autoload": {
                "psr-4": {
                    "Opauth\\Google\\Strategy\\": "src"
                }
            },
            "notification-url": "https://packagist.org/downloads/",
            "license": [
                "MIT"
            ],
            "authors": [
                {
                    "name": "U-Zyn Chua",
                    "email": "chua@uzyn.com",
                    "homepage": "http://uzyn.com"
                },
                {
                    "name": "Ceeram",
                    "email": "c33ram@gmail.com"
                }
            ],
            "description": "Google strategy for Opauth",
            "homepage": "http://opauth.org",
            "keywords": [
                "Authentication",
                "auth",
                "google"
            ],
            "time": "2014-04-07 16:49:05"
        },
        {
            "name": "opauth/opauth",
            "version": "1.0.0-alpha.1",
            "source": {
                "type": "git",
                "url": "https://github.com/opauth/opauth.git",
                "reference": "a68ecdf4914eae8c160542eca154d4ba40f0a700"
            },
            "dist": {
                "type": "zip",
                "url": "https://api.github.com/repos/opauth/opauth/zipball/a68ecdf4914eae8c160542eca154d4ba40f0a700",
                "reference": "a68ecdf4914eae8c160542eca154d4ba40f0a700",
                "shasum": ""
            },
            "require": {
                "php": ">=5.3.0"
            },
            "suggest": {
                "opauth/facebook": "Allows Facebook authentication",
                "opauth/google": "Allows Google authentication",
                "opauth/twitter": "Allows Twitter authentication"
            },
            "type": "library",
            "autoload": {
                "psr-4": {
                    "Opauth\\Opauth\\": "src"
                }
            },
            "notification-url": "https://packagist.org/downloads/",
            "license": [
                "MIT"
            ],
            "authors": [
                {
                    "name": "U-Zyn Chua",
                    "email": "chua@uzyn.com",
                    "homepage": "http://uzyn.com"
                },
                {
                    "name": "Ceeram",
                    "email": "c33ram@gmail.com"
                }
            ],
            "description": "Multi-provider authentication framework for PHP",
            "homepage": "http://opauth.org",
            "keywords": [
                "Authentication",
                "OpenId",
                "auth",
                "facebook",
                "google",
                "oauth",
                "omniauth",
                "twitter"
            ],
            "time": "2014-04-07 17:00:57"
        },
        {
            "name": "opauth/twitter",
            "version": "1.0.x-dev",
            "source": {
                "type": "git",
                "url": "https://github.com/opauth/twitter.git",
                "reference": "2a7cde7e188a4687c7a0a98535fadee13b8c75fb"
            },
            "dist": {
                "type": "zip",
                "url": "https://api.github.com/repos/opauth/twitter/zipball/2a7cde7e188a4687c7a0a98535fadee13b8c75fb",
                "reference": "2a7cde7e188a4687c7a0a98535fadee13b8c75fb",
                "shasum": ""
            },
            "require": {
                "opauth/opauth": "~1.0",
                "php": ">=5.3.0",
                "themattharris/tmhoauth": "0.7.*"
            },
            "type": "library",
            "autoload": {
                "psr-4": {
                    "Opauth\\Twitter\\Strategy\\": "src"
                }
            },
            "notification-url": "https://packagist.org/downloads/",
            "license": [
                "MIT"
            ],
            "authors": [
                {
                    "name": "U-Zyn Chua",
                    "email": "chua@uzyn.com",
                    "homepage": "http://uzyn.com"
                },
                {
                    "name": "Ceeram",
                    "email": "c33ram@gmail.com"
                }
            ],
            "description": "Twitter strategy for Opauth",
            "homepage": "http://opauth.org",
            "keywords": [
                "Authentication",
                "auth",
                "twitter"
            ],
            "time": "2014-04-07 17:26:14"
        },
        {
            "name": "themattharris/tmhoauth",
            "version": "0.7.5",
            "source": {
                "type": "git",
                "url": "https://github.com/themattharris/tmhOAuth.git",
                "reference": "71e2594f5a6b720a309c627bd457926e1287c1c2"
            },
            "dist": {
                "type": "zip",
                "url": "https://api.github.com/repos/themattharris/tmhOAuth/zipball/71e2594f5a6b720a309c627bd457926e1287c1c2",
                "reference": "71e2594f5a6b720a309c627bd457926e1287c1c2",
                "shasum": ""
            },
            "require": {
                "ext-curl": "*",
                "php": ">=5.3.0"
            },
            "type": "library",
            "autoload": {
                "psr-0": {
                    "tmhOAuth": ""
                }
            },
            "notification-url": "https://packagist.org/downloads/",
            "license": [
                "Apache-2.0"
            ],
            "authors": [
                {
                    "name": "themattharris",
                    "email": "matt@themattharris.com",
                    "role": "Developer"
                }
            ],
            "description": "An OAuth 1.0A library written in PHP by @themattharris, specifically for use with the Twitter API",
            "keywords": [
                "oauth",
                "twitter"
            ],
            "time": "2013-02-20 15:57:52"
        }
    ],
    "packages-dev": [],
    "aliases": [],
    "minimum-stability": "dev",
    "stability-flags": {
        "opauth/opauth": 20,
        "opauth/facebook": 20,
        "opauth/github": 20,
        "opauth/twitter": 20,
        "opauth/google": 20
    },
    "prefer-stable": true,
    "prefer-lowest": false,
    "platform": [],
    "platform-dev": []
}
